
Microsoft Visual Studio Solution File, Format Version 12.00
# Visual Studio Version 17
VisualStudioVersion = 17.14.36203.30 d17.14
MinimumVisualStudioVersion = 10.0.40219.1
Project("{FAE04EC0-301F-11D3-BF4B-00C04F79EFBC}") = "Group7_Final_Project", "Group7_Final_Project.csproj", "{500771EF-A823-4661-8395-0833DA47CC7D}"
EndProject
Global
	GlobalSection(SolutionConfigurationPlatforms) = preSolution
		Debug|Any CPU = Debug|Any CPU
		Release|Any CPU = Release|Any CPU
	EndGlobalSection
	GlobalSection(ProjectConfigurationPlatforms) = postSolution
		{500771EF-A823-4661-8395-0833DA47CC7D}.Debug|Any CPU.ActiveCfg = Debug|Any CPU
		{500771EF-A823-4661-8395-0833DA47CC7D}.Debug|Any CPU.Build.0 = Debug|Any CPU
		{500771EF-A823-4661-8395-0833DA47CC7D}.Release|Any CPU.ActiveCfg = Release|Any CPU
		{500771EF-A823-4661-8395-0833DA47CC7D}.Release|Any CPU.Build.0 = Release|Any CPU
	EndGlobalSection
	GlobalSection(SolutionProperties) = preSolution
		HideSolutionNode = FALSE
	EndGlobalSection
	GlobalSection(ExtensibilityGlobals) = postSolution
		SolutionGuid = {070ABDF2-099D-4010-98E6-99FAAEF6AA5D}
	EndGlobalSection
EndGlobal
